
Microsoft Visual Studio Solution File, Format Version 12.00
# Visual Studio 15
VisualStudioVersion = 15.0.26124.0
MinimumVisualStudioVersion = 15.0.26124.0
Project("{FAE04EC0-301F-11D3-BF4B-00C04F79EFBC}") = "App.Queue.App", "App.Queue.App\App.Queue.App.csproj", "{CB762E76-E6D2-4DFB-9254-B39B62741219}"
EndProject
Project("{FAE04EC0-301F-11D3-BF4B-00C04F79EFBC}") = "App.Queue.Broker", "App.Queue.Broker\App.Queue.Broker.csproj", "{8517273A-BA63-4E67-9778-B4978023CFFC}"
EndProject
Project("{FAE04EC0-301F-11D3-BF4B-00C04F79EFBC}") = "App.Queue.Contracts", "App.Queue.Contracts\App.Queue.Contracts.csproj", "{10DF083E-3F06-4ACD-8193-04598F46B7C4}"
EndProject
Project("{FAE04EC0-301F-11D3-BF4B-00C04F79EFBC}") = "App.Queue.Data", "App.Queue.Data\App.Queue.Data.csproj", "{83C24897-F99B-42A5-92E2-9E8731104050}"
EndProject
Project("{FAE04EC0-301F-11D3-BF4B-00C04F79EFBC}") = "App.Queue.Domains", "App.Queue.Domains\App.Queue.Domains.csproj", "{3AD748B6-55B6-4551-9196-C9DF2AC1CE2C}"
EndProject
Project("{FAE04EC0-301F-11D3-BF4B-00C04F79EFBC}") = "App.Queue.Services", "App.Queue.Services\App.Queue.Services.csproj", "{5A29D040-6E67-4385-A09A-0E919B3D9272}"
EndProject
Project("{FAE04EC0-301F-11D3-BF4B-00C04F79EFBC}") = "App.Queue.Shared", "App.Queue.Shared\App.Queue.Shared.csproj", "{FAB63A26-8A64-4CC1-A5E8-20F754746382}"
EndProject
Global
	GlobalSection(SolutionConfigurationPlatforms) = preSolution
		Debug|Any CPU = Debug|Any CPU
		Debug|x64 = Debug|x64
		Debug|x86 = Debug|x86
		Release|Any CPU = Release|Any CPU
		Release|x64 = Release|x64
		Release|x86 = Release|x86
	EndGlobalSection
	GlobalSection(SolutionProperties) = preSolution
		HideSolutionNode = FALSE
	EndGlobalSection
	GlobalSection(ProjectConfigurationPlatforms) = postSolution
		{CB762E76-E6D2-4DFB-9254-B39B62741219}.Debug|Any CPU.ActiveCfg = Debug|Any CPU
		{CB762E76-E6D2-4DFB-9254-B39B62741219}.Debug|Any CPU.Build.0 = Debug|Any CPU
		{CB762E76-E6D2-4DFB-9254-B39B62741219}.Debug|x64.ActiveCfg = Debug|Any CPU
		{CB762E76-E6D2-4DFB-9254-B39B62741219}.Debug|x64.Build.0 = Debug|Any CPU
		{CB762E76-E6D2-4DFB-9254-B39B62741219}.Debug|x86.ActiveCfg = Debug|Any CPU
		{CB762E76-E6D2-4DFB-9254-B39B62741219}.Debug|x86.Build.0 = Debug|Any CPU
		{CB762E76-E6D2-4DFB-9254-B39B62741219}.Release|Any CPU.ActiveCfg = Release|Any CPU
		{CB762E76-E6D2-4DFB-9254-B39B62741219}.Release|Any CPU.Build.0 = Release|Any CPU
		{CB762E76-E6D2-4DFB-9254-B39B62741219}.Release|x64.ActiveCfg = Release|Any CPU
		{CB762E76-E6D2-4DFB-9254-B39B62741219}.Release|x64.Build.0 = Release|Any CPU
		{CB762E76-E6D2-4DFB-9254-B39B62741219}.Release|x86.ActiveCfg = Release|Any CPU
		{CB762E76-E6D2-4DFB-9254-B39B62741219}.Release|x86.Build.0 = Release|Any CPU
		{8517273A-BA63-4E67-9778-B4978023CFFC}.Debug|Any CPU.ActiveCfg = Debug|Any CPU
		{8517273A-BA63-4E67-9778-B4978023CFFC}.Debug|Any CPU.Build.0 = Debug|Any CPU
		{8517273A-BA63-4E67-9778-B4978023CFFC}.Debug|x64.ActiveCfg = Debug|Any CPU
		{8517273A-BA63-4E67-9778-B4978023CFFC}.Debug|x64.Build.0 = Debug|Any CPU
		{8517273A-BA63-4E67-9778-B4978023CFFC}.Debug|x86.ActiveCfg = Debug|Any CPU
		{8517273A-BA63-4E67-9778-B4978023CFFC}.Debug|x86.Build.0 = Debug|Any CPU
		{8517273A-BA63-4E67-9778-B4978023CFFC}.Release|Any CPU.ActiveCfg = Release|Any CPU
		{8517273A-BA63-4E67-9778-B4978023CFFC}.Release|Any CPU.Build.0 = Release|Any CPU
		{8517273A-BA63-4E67-9778-B4978023CFFC}.Release|x64.ActiveCfg = Release|Any CPU
		{8517273A-BA63-4E67-9778-B4978023CFFC}.Release|x64.Build.0 = Release|Any CPU
		{8517273A-BA63-4E67-9778-B4978023CFFC}.Release|x86.ActiveCfg = Release|Any CPU
		{8517273A-BA63-4E67-9778-B4978023CFFC}.Release|x86.Build.0 = Release|Any CPU
		{10DF083E-3F06-4ACD-8193-04598F46B7C4}.Debug|Any CPU.ActiveCfg = Debug|Any CPU
		{10DF083E-3F06-4ACD-8193-04598F46B7C4}.Debug|Any CPU.Build.0 = Debug|Any CPU
		{10DF083E-3F06-4ACD-8193-04598F46B7C4}.Debug|x64.ActiveCfg = Debug|Any CPU
		{10DF083E-3F06-4ACD-8193-04598F46B7C4}.Debug|x64.Build.0 = Debug|Any CPU
		{10DF083E-3F06-4ACD-8193-04598F46B7C4}.Debug|x86.ActiveCfg = Debug|Any CPU
		{10DF083E-3F06-4ACD-8193-04598F46B7C4}.Debug|x86.Build.0 = Debug|Any CPU
		{10DF083E-3F06-4ACD-8193-04598F46B7C4}.Release|Any CPU.ActiveCfg = Release|Any CPU
		{10DF083E-3F06-4ACD-8193-04598F46B7C4}.Release|Any CPU.Build.0 = Release|Any CPU
		{10DF083E-3F06-4ACD-8193-04598F46B7C4}.Release|x64.ActiveCfg = Release|Any CPU
		{10DF083E-3F06-4ACD-8193-04598F46B7C4}.Release|x64.Build.0 = Release|Any CPU
		{10DF083E-3F06-4ACD-8193-04598F46B7C4}.Release|x86.ActiveCfg = Release|Any CPU
		{10DF083E-3F06-4ACD-8193-04598F46B7C4}.Release|x86.Build.0 = Release|Any CPU
		{83C24897-F99B-42A5-92E2-9E8731104050}.Debug|Any CPU.ActiveCfg = Debug|Any CPU
		{83C24897-F99B-42A5-92E2-9E8731104050}.Debug|Any CPU.Build.0 = Debug|Any CPU
		{83C24897-F99B-42A5-92E2-9E8731104050}.Debug|x64.ActiveCfg = Debug|Any CPU
		{83C24897-F99B-42A5-92E2-9E8731104050}.Debug|x64.Build.0 = Debug|Any CPU
		{83C24897-F99B-42A5-92E2-9E8731104050}.Debug|x86.ActiveCfg = Debug|Any CPU
		{83C24897-F99B-42A5-92E2-9E8731104050}.Debug|x86.Build.0 = Debug|Any CPU
		{83C24897-F99B-42A5-92E2-9E8731104050}.Release|Any CPU.ActiveCfg = Release|Any CPU
		{83C24897-F99B-42A5-92E2-9E8731104050}.Release|Any CPU.Build.0 = Release|Any CPU
		{83C24897-F99B-42A5-92E2-9E8731104050}.Release|x64.ActiveCfg = Release|Any CPU
		{83C24897-F99B-42A5-92E2-9E8731104050}.Release|x64.Build.0 = Release|Any CPU
		{83C24897-F99B-42A5-92E2-9E8731104050}.Release|x86.ActiveCfg = Release|Any CPU
		{83C24897-F99B-42A5-92E2-9E8731104050}.Release|x86.Build.0 = Release|Any CPU
		{3AD748B6-55B6-4551-9196-C9DF2AC1CE2C}.Debug|Any CPU.ActiveCfg = Debug|Any CPU
		{3AD748B6-55B6-4551-9196-C9DF2AC1CE2C}.Debug|Any CPU.Build.0 = Debug|Any CPU
		{3AD748B6-55B6-4551-9196-C9DF2AC1CE2C}.Debug|x64.ActiveCfg = Debug|Any CPU
		{3AD748B6-55B6-4551-9196-C9DF2AC1CE2C}.Debug|x64.Build.0 = Debug|Any CPU
		{3AD748B6-55B6-4551-9196-C9DF2AC1CE2C}.Debug|x86.ActiveCfg = Debug|Any CPU
		{3AD748B6-55B6-4551-9196-C9DF2AC1CE2C}.Debug|x86.Build.0 = Debug|Any CPU
		{3AD748B6-55B6-4551-9196-C9DF2AC1CE2C}.Release|Any CPU.ActiveCfg = Release|Any CPU
		{3AD748B6-55B6-4551-9196-C9DF2AC1CE2C}.Release|Any CPU.Build.0 = Release|Any CPU
		{3AD748B6-55B6-4551-9196-C9DF2AC1CE2C}.Release|x64.ActiveCfg = Release|Any CPU
		{3AD748B6-55B6-4551-9196-C9DF2AC1CE2C}.Release|x64.Build.0 = Release|Any CPU
		{3AD748B6-55B6-4551-9196-C9DF2AC1CE2C}.Release|x86.ActiveCfg = Release|Any CPU
		{3AD748B6-55B6-4551-9196-C9DF2AC1CE2C}.Release|x86.Build.0 = Release|Any CPU
		{5A29D040-6E67-4385-A09A-0E919B3D9272}.Debug|Any CPU.ActiveCfg = Debug|Any CPU
		{5A29D040-6E67-4385-A09A-0E919B3D9272}.Debug|Any CPU.Build.0 = Debug|Any CPU
		{5A29D040-6E67-4385-A09A-0E919B3D9272}.Debug|x64.ActiveCfg = Debug|Any CPU
		{5A29D040-6E67-4385-A09A-0E919B3D9272}.Debug|x64.Build.0 = Debug|Any CPU
		{5A29D040-6E67-4385-A09A-0E919B3D9272}.Debug|x86.ActiveCfg = Debug|Any CPU
		{5A29D040-6E67-4385-A09A-0E919B3D9272}.Debug|x86.Build.0 = Debug|Any CPU
		{5A29D040-6E67-4385-A09A-0E919B3D9272}.Release|Any CPU.ActiveCfg = Release|Any CPU
		{5A29D040-6E67-4385-A09A-0E919B3D9272}.Release|Any CPU.Build.0 = Release|Any CPU
		{5A29D040-6E67-4385-A09A-0E919B3D9272}.Release|x64.ActiveCfg = Release|Any CPU
		{5A29D040-6E67-4385-A09A-0E919B3D9272}.Release|x64.Build.0 = Release|Any CPU
		{5A29D040-6E67-4385-A09A-0E919B3D9272}.Release|x86.ActiveCfg = Release|Any CPU
		{5A29D040-6E67-4385-A09A-0E919B3D9272}.Release|x86.Build.0 = Release|Any CPU
		{FAB63A26-8A64-4CC1-A5E8-20F754746382}.Debug|Any CPU.ActiveCfg = Debug|Any CPU
		{FAB63A26-8A64-4CC1-A5E8-20F754746382}.Debug|Any CPU.Build.0 = Debug|Any CPU
		{FAB63A26-8A64-4CC1-A5E8-20F754746382}.Debug|x64.ActiveCfg = Debug|Any CPU
		{FAB63A26-8A64-4CC1-A5E8-20F754746382}.Debug|x64.Build.0 = Debug|Any CPU
		{FAB63A26-8A64-4CC1-A5E8-20F754746382}.Debug|x86.ActiveCfg = Debug|Any CPU
		{FAB63A26-8A64-4CC1-A5E8-20F754746382}.Debug|x86.Build.0 = Debug|Any CPU
		{FAB63A26-8A64-4CC1-A5E8-20F754746382}.Release|Any CPU.ActiveCfg = Release|Any CPU
		{FAB63A26-8A64-4CC1-A5E8-20F754746382}.Release|Any CPU.Build.0 = Release|Any CPU
		{FAB63A26-8A64-4CC1-A5E8-20F754746382}.Release|x64.ActiveCfg = Release|Any CPU
		{FAB63A26-8A64-4CC1-A5E8-20F754746382}.Release|x64.Build.0 = Release|Any CPU
		{FAB63A26-8A64-4CC1-A5E8-20F754746382}.Release|x86.ActiveCfg = Release|Any CPU
		{FAB63A26-8A64-4CC1-A5E8-20F754746382}.Release|x86.Build.0 = Release|Any CPU
	EndGlobalSection
EndGlobal
